
Microsoft Visual Studio Solution File, Format Version 12.00
# Visual Studio Version 16
VisualStudioVersion = 16.0.31515.178
MinimumVisualStudioVersion = 10.0.40219.1
Project("{8BC9CEB8-8B4A-11D0-8D11-00A0C91BC942}") = "simple_streamed_keywords", "simple_streamed_keywords.vcxproj", "{92577283-34C7-4A60-88BB-E743C37D4A0B}"
EndProject
Global
	GlobalSection(SolutionConfigurationPlatforms) = preSolution
		Debug|x64 = Debug|x64
		Debug|x86 = Debug|x86
		Release|x64 = Release|x64
		Release|x86 = Release|x86
	EndGlobalSection
	GlobalSection(ProjectConfigurationPlatforms) = postSolution
		{92577283-34C7-4A60-88BB-E743C37D4A0B}.Debug|x64.ActiveCfg = Debug|x64
		{92577283-34C7-4A60-88BB-E743C37D4A0B}.Debug|x64.Build.0 = Debug|x64
		{92577283-34C7-4A60-88BB-E743C37D4A0B}.Debug|x86.ActiveCfg = Debug|Win32
		{92577283-34C7-4A60-88BB-E743C37D4A0B}.Debug|x86.Build.0 = Debug|Win32
		{92577283-34C7-4A60-88BB-E743C37D4A0B}.Release|x64.ActiveCfg = Release|x64
		{92577283-34C7-4A60-88BB-E743C37D4A0B}.Release|x64.Build.0 = Release|x64
		{92577283-34C7-4A60-88BB-E743C37D4A0B}.Release|x86.ActiveCfg = Release|Win32
		{92577283-34C7-4A60-88BB-E743C37D4A0B}.Release|x86.Build.0 = Release|Win32
	EndGlobalSection
	GlobalSection(SolutionProperties) = preSolution
		HideSolutionNode = FALSE
	EndGlobalSection
	GlobalSection(ExtensibilityGlobals) = postSolution
		SolutionGuid = {A9C03255-1FF1-463A-97A4-0CE5C375A7E8}
	EndGlobalSection
EndGlobal
