
Microsoft Visual Studio Solution File, Format Version 12.00
# Visual Studio Version 16
VisualStudioVersion = 16.0.31515.178
MinimumVisualStudioVersion = 10.0.40219.1
Project("{8BC9CEB8-8B4A-11D0-8D11-00A0C91BC942}") = "simple_packed_keywords", "simple_packed_keywords.vcxproj", "{447CA445-722A-4B10-8C28-C37D8D06FB7F}"
EndProject
Global
	GlobalSection(SolutionConfigurationPlatforms) = preSolution
		Debug|x64 = Debug|x64
		Debug|x86 = Debug|x86
		Release|x64 = Release|x64
		Release|x86 = Release|x86
	EndGlobalSection
	GlobalSection(ProjectConfigurationPlatforms) = postSolution
		{447CA445-722A-4B10-8C28-C37D8D06FB7F}.Debug|x64.ActiveCfg = Debug|x64
		{447CA445-722A-4B10-8C28-C37D8D06FB7F}.Debug|x64.Build.0 = Debug|x64
		{447CA445-722A-4B10-8C28-C37D8D06FB7F}.Debug|x86.ActiveCfg = Debug|Win32
		{447CA445-722A-4B10-8C28-C37D8D06FB7F}.Debug|x86.Build.0 = Debug|Win32
		{447CA445-722A-4B10-8C28-C37D8D06FB7F}.Release|x64.ActiveCfg = Release|x64
		{447CA445-722A-4B10-8C28-C37D8D06FB7F}.Release|x64.Build.0 = Release|x64
		{447CA445-722A-4B10-8C28-C37D8D06FB7F}.Release|x86.ActiveCfg = Release|Win32
		{447CA445-722A-4B10-8C28-C37D8D06FB7F}.Release|x86.Build.0 = Release|Win32
	EndGlobalSection
	GlobalSection(SolutionProperties) = preSolution
		HideSolutionNode = FALSE
	EndGlobalSection
	GlobalSection(ExtensibilityGlobals) = postSolution
		SolutionGuid = {84A805A4-CE4B-4E9D-88B3-14373DAE8988}
	EndGlobalSection
EndGlobal
